{
  "nodes": {
    "cargo2nix": {
      "flake": false,
      "locked": {
        "lastModified": 1617941001,
        "narHash": "sha256-g1dDgZqC76JU1yJ5fbjhj3LVbTACgnf6amPuFYqFCbY=",
        "owner": "cargo2nix",
        "repo": "cargo2nix",
        "rev": "14da69bbe13c61f809fe9e0d979cdd8bf6563fcf",
        "type": "github"
      },
      "original": {
        "owner": "cargo2nix",
        "repo": "cargo2nix",
        "type": "github"
      }
    },
    "flake-compat": {
      "flake": false,
      "locked": {
        "lastModified": 1606424373,
        "narHash": "sha256-oq8d4//CJOrVj+EcOaSXvMebvuTkmBJuT5tzlfewUnQ=",
        "owner": "edolstra",
        "repo": "flake-compat",
        "rev": "99f1c2157fba4bfe6211a321fd0ee43199025dbf",
        "type": "github"
      },
      "original": {
        "owner": "edolstra",
        "repo": "flake-compat",
        "type": "github"
      }
    },
    "flake-utils": {
      "locked": {
        "lastModified": 1619345332,
        "narHash": "sha256-qHnQkEp1uklKTpx3MvKtY6xzgcqXDsz5nLilbbuL+3A=",
        "owner": "numtide",
        "repo": "flake-utils",
        "rev": "2ebf2558e5bf978c7fb8ea927dfaed8fefab2e28",
        "type": "github"
      },
      "original": {
        "owner": "numtide",
        "repo": "flake-utils",
        "type": "github"
      }
    },
    "nixpkgs": {
      "locked": {
        "lastModified": 1619973265,
        "narHash": "sha256-EgdfNdqrv/r1s70KGti4r6Bkdg3hs1BuqzQzxraq9JU=",
        "owner": "NixOS",
        "repo": "nixpkgs",
        "rev": "9775b39fd45a61c2a53aa6a90485fac8f87ce7c6",
        "type": "github"
      },
      "original": {
        "id": "nixpkgs",
        "ref": "nixpkgs-unstable",
        "type": "indirect"
      }
    },
    "root": {
      "inputs": {
        "cargo2nix": "cargo2nix",
        "flake-compat": "flake-compat",
        "flake-utils": "flake-utils",
        "nixpkgs": "nixpkgs",
        "rust-overlay": "rust-overlay"
      }
    },
    "rust-overlay": {
      "inputs": {
        "flake-utils": [
          "flake-utils"
        ],
        "nixpkgs": [
          "nixpkgs"
        ]
      },
      "locked": {
        "lastModified": 1620008795,
        "narHash": "sha256-lXs7JuyfrJUNlDvrXV0E+0mN7CHUSFp9+wgBQIz1SiE=",
        "owner": "oxalica",
        "repo": "rust-overlay",
        "rev": "d9a12fdf65157656348ea67456c5bfec39f50f73",
        "type": "github"
      },
      "original": {
        "owner": "oxalica",
        "repo": "rust-overlay",
        "type": "github"
      }
    }
  },
  "root": "root",
  "version": 7
}
